
Microsoft Visual Studio Solution File, Format Version 12.00
# Visual Studio Version 16
VisualStudioVersion = 16.0.31402.337
MinimumVisualStudioVersion = 10.0.40219.1
Project("{FAE04EC0-301F-11D3-BF4B-00C04F79EFBC}") = "Less2_Ex1", "Less2_Ex1\Less2_Ex1.csproj", "{59A86423-B01E-4EE8-ACE5-9049E14793F6}"
EndProject
Global
	GlobalSection(SolutionConfigurationPlatforms) = preSolution
		Debug|Any CPU = Debug|Any CPU
		Release|Any CPU = Release|Any CPU
	EndGlobalSection
	GlobalSection(ProjectConfigurationPlatforms) = postSolution
		{59A86423-B01E-4EE8-ACE5-9049E14793F6}.Debug|Any CPU.ActiveCfg = Debug|Any CPU
		{59A86423-B01E-4EE8-ACE5-9049E14793F6}.Debug|Any CPU.Build.0 = Debug|Any CPU
		{59A86423-B01E-4EE8-ACE5-9049E14793F6}.Release|Any CPU.ActiveCfg = Release|Any CPU
		{59A86423-B01E-4EE8-ACE5-9049E14793F6}.Release|Any CPU.Build.0 = Release|Any CPU
	EndGlobalSection
	GlobalSection(SolutionProperties) = preSolution
		HideSolutionNode = FALSE
	EndGlobalSection
	GlobalSection(ExtensibilityGlobals) = postSolution
		SolutionGuid = {7A5A03D6-38ED-47E9-8083-3748152AD6A6}
	EndGlobalSection
EndGlobal
