
Microsoft Visual Studio Solution File, Format Version 12.00
# Visual Studio Version 16
VisualStudioVersion = 16.0.31402.337
MinimumVisualStudioVersion = 10.0.40219.1
Project("{FAE04EC0-301F-11D3-BF4B-00C04F79EFBC}") = "Less2_Ex2", "Less2_Ex2\Less2_Ex2.csproj", "{E814771F-4D24-454C-B4EB-A5D0B79923D4}"
EndProject
Global
	GlobalSection(SolutionConfigurationPlatforms) = preSolution
		Debug|Any CPU = Debug|Any CPU
		Release|Any CPU = Release|Any CPU
	EndGlobalSection
	GlobalSection(ProjectConfigurationPlatforms) = postSolution
		{E814771F-4D24-454C-B4EB-A5D0B79923D4}.Debug|Any CPU.ActiveCfg = Debug|Any CPU
		{E814771F-4D24-454C-B4EB-A5D0B79923D4}.Debug|Any CPU.Build.0 = Debug|Any CPU
		{E814771F-4D24-454C-B4EB-A5D0B79923D4}.Release|Any CPU.ActiveCfg = Release|Any CPU
		{E814771F-4D24-454C-B4EB-A5D0B79923D4}.Release|Any CPU.Build.0 = Release|Any CPU
	EndGlobalSection
	GlobalSection(SolutionProperties) = preSolution
		HideSolutionNode = FALSE
	EndGlobalSection
	GlobalSection(ExtensibilityGlobals) = postSolution
		SolutionGuid = {8EABB576-8EB6-45E6-98C7-02BD18D25BD8}
	EndGlobalSection
EndGlobal
